
Microsoft Visual Studio Solution File, Format Version 12.00
# Visual Studio Version 17
VisualStudioVersion = 17.4.33103.184
MinimumVisualStudioVersion = 10.0.40219.1
Project("{FAE04EC0-301F-11D3-BF4B-00C04F79EFBC}") = "HomeBooking.API", "HomeBooking.API\HomeBooking.API.csproj", "{6FE871B7-04FD-4369-8F60-2F8AFDCE162F}"
EndProject
Global
	GlobalSection(SolutionConfigurationPlatforms) = preSolution
		Debug|Any CPU = Debug|Any CPU
		Release|Any CPU = Release|Any CPU
	EndGlobalSection
	GlobalSection(ProjectConfigurationPlatforms) = postSolution
		{6FE871B7-04FD-4369-8F60-2F8AFDCE162F}.Debug|Any CPU.ActiveCfg = Debug|Any CPU
		{6FE871B7-04FD-4369-8F60-2F8AFDCE162F}.Debug|Any CPU.Build.0 = Debug|Any CPU
		{6FE871B7-04FD-4369-8F60-2F8AFDCE162F}.Release|Any CPU.ActiveCfg = Release|Any CPU
		{6FE871B7-04FD-4369-8F60-2F8AFDCE162F}.Release|Any CPU.Build.0 = Release|Any CPU
	EndGlobalSection
	GlobalSection(SolutionProperties) = preSolution
		HideSolutionNode = FALSE
	EndGlobalSection
	GlobalSection(ExtensibilityGlobals) = postSolution
		SolutionGuid = {462A04B4-AFCE-48B4-92EC-A2B3AD058BC4}
	EndGlobalSection
EndGlobal
